{
  "name": "agora-server",
  "lockfileVersion": 2,
  "requires": true,
  "packages": {
    "": {
      "dependencies": {
        "js-src": "file:app/js-src"
      }
    },
    "app/js-src": {
      "version": "1.0.0",
      "license": "MIT"
    },
    "node_modules/js-src": {
      "resolved": "app/js-src",
      "link": true
    }
  },
  "dependencies": {
    "js-src": {
      "version": "file:app/js-src"
    }
  }
}
