lockfileVersion: 5.3

specifiers:
  esbuild: ^0.14.37
  fs: ^0.0.1-security
  jquery: ^3.6.0

dependencies:
  esbuild: 0.14.37
  fs: 0.0.1-security
  jquery: 3.6.0

packages:

  /esbuild-android-64/0.14.37:
    resolution: {integrity: sha512-Jb61ihbS3iSj3+PhURe7sEuBg4h16CeT4CiT3W4Aop6rr5p/N6IvNXNWFX0gzUaRWtGoAFfCXFBEIn6zWUU3hQ==}
    engines: {node: '>=12'}
    cpu: [x64]
    os: [android]
    requiresBuild: true
    dev: false
    optional: true

  /esbuild-android-arm64/0.14.37:
    resolution: {integrity: sha512-wwcI+EUHWe1LlxBE7vjdqZ53DEiCllD6XsYOIiGxzL8KaG7eOLXNS7tNhdK0QIR4wwMNTPLDB40ZKuAXZ8zv6Q==}
    engines: {node: '>=12'}
    cpu: [arm64]
    os: [android]
    requiresBuild: true
    dev: false
    optional: true

  /esbuild-darwin-64/0.14.37:
    resolution: {integrity: sha512-gg/UZ/FZrRzPq+tAOiMwyBoa6eNxX6bcjuivZ8v2Tny83RhIyeDhvC84dgVcPinqK39u8pOYw6a7nffotUrjKQ==}
    engines: {node: '>=12'}
    cpu: [x64]
    os: [darwin]
    requiresBuild: true
    dev: false
    optional: true

  /esbuild-darwin-arm64/0.14.37:
    resolution: {integrity: sha512-eFwy5il5yvIHAVau97kWoNYfxuCd1X7hfgKc4Ns5ymlYXhyRzRywwJfknHax5rDyZxfDXtnFaT/nftUiYwsHIQ==}
    engines: {node: '>=12'}
    cpu: [arm64]
    os: [darwin]
    requiresBuild: true
    dev: false
    optional: true

  /esbuild-freebsd-64/0.14.37:
    resolution: {integrity: sha512-4iFbdmohve6wyPwsVPe/1j5rVwg5uPTopmgIUiJBbnPKMmo8NecUSbz3HwddsDHLrvGoIs5aOiETPWo9rg3wyg==}
    engines: {node: '>=12'}
    cpu: [x64]
    os: [freebsd]
    requiresBuild: true
    dev: false
    optional: true

  /esbuild-freebsd-arm64/0.14.37:
    resolution: {integrity: sha512-MGmZ9akBdqcIH7FcWhUrVTmTW18Xz/EVrvBcV6BHSFDQci0YnOhPAGCrV54t1JNG/5poHNBnaG3R2zNxnmJT5Q==}
    engines: {node: '>=12'}
    cpu: [arm64]
    os: [freebsd]
    requiresBuild: true
    dev: false
    optional: true

  /esbuild-linux-32/0.14.37:
    resolution: {integrity: sha512-UCyQrn3n3dHXHDQTPO3gWxfoqtEpGObBdAgevuUtw0//TSyNftnaLcQYyBiGC6J85sM8f/c+Minz5jUFOKrmOA==}
    engines: {node: '>=12'}
    cpu: [ia32]
    os: [linux]
    requiresBuild: true
    dev: false
    optional: true

  /esbuild-linux-64/0.14.37:
    resolution: {integrity: sha512-UURL6k1Ffr6K4faFgdP6lKVvMKYwq8JmAh+odCukzIWN4EpjIzgmhBUzyFVU+VQLh1+K3tlE1SPJ057PNpayUQ==}
    engines: {node: '>=12'}
    cpu: [x64]
    os: [linux]
    requiresBuild: true
    dev: false
    optional: true

  /esbuild-linux-arm/0.14.37:
    resolution: {integrity: sha512-SgWcdAivyK2z2kcYAGwLTBSTECXXj/lC0S/BiayyHLYJHA6C3aEGexB6ZDMgffj4Quy/l3Tyr9ktZh8bgcmJrA==}
    engines: {node: '>=12'}
    cpu: [arm]
    os: [linux]
    requiresBuild: true
    dev: false
    optional: true

  /esbuild-linux-arm64/0.14.37:
    resolution: {integrity: sha512-vDHyuFsDpz6nquJO7CAxU2CBj+PB+BJhGawzBrHtcM249fXK4GfVNVArgWFKkSGMZW1ZpKSeef7FeOvM6juhPg==}
    engines: {node: '>=12'}
    cpu: [arm64]
    os: [linux]
    requiresBuild: true
    dev: false
    optional: true

  /esbuild-linux-mips64le/0.14.37:
    resolution: {integrity: sha512-azRAGYGKg3dxbYE7C+L35/2Oyg1RCuXvT3Z8M76JZF2N1ZNEA9g01zbuw3GtXWLyI6mhhoHxQL0H1SQUL0At1w==}
    engines: {node: '>=12'}
    cpu: [mips64el]
    os: [linux]
    requiresBuild: true
    dev: false
    optional: true

  /esbuild-linux-ppc64le/0.14.37:
    resolution: {integrity: sha512-SyNitGH/h7Hti7A+a5rkRDHhjra1TM1JnJJymRndOzw5Vd+AkWpoSQxxTfvmRw62g42zoeHBgcyrvGfT053l5w==}
    engines: {node: '>=12'}
    cpu: [ppc64]
    os: [linux]
    requiresBuild: true
    dev: false
    optional: true

  /esbuild-linux-riscv64/0.14.37:
    resolution: {integrity: sha512-IgEwVXYGC3HpCmZ1nl+vZw1h72i9WEf4mx+JBZ1s+Z0QVGww/8LI6oYZVboPtr7Lok1gKdg5tUZdFukGn5Fr/A==}
    engines: {node: '>=12'}
    cpu: [riscv64]
    os: [linux]
    requiresBuild: true
    dev: false
    optional: true

  /esbuild-linux-s390x/0.14.37:
    resolution: {integrity: sha512-X105T1x7PV9pZ/rDpOeNiTWGBd1A0BGUbi6hK9BW7X8IxzQZNwAsaahLOlAFf+OKezoSQrhHfNdBwIu9UZMmtw==}
    engines: {node: '>=12'}
    cpu: [s390x]
    os: [linux]
    requiresBuild: true
    dev: false
    optional: true

  /esbuild-netbsd-64/0.14.37:
    resolution: {integrity: sha512-93mHLGTTFWAemDNGxlx0RJyNQ4E2OnnUGNHpNhKu/zzYw/Imf6dWGB6h7e9axtce8yOg5rOnx8BMhRu0NwQnKA==}
    engines: {node: '>=12'}
    cpu: [x64]
    os: [netbsd]
    requiresBuild: true
    dev: false
    optional: true

  /esbuild-openbsd-64/0.14.37:
    resolution: {integrity: sha512-jdhv2koRbF69artwD4aaSS72b+syfcdVHKs1SqjyfPvi/MsL7OC+jWGOSCZ329RmnECAwCOaL4dO7ZaJiLLj3Q==}
    engines: {node: '>=12'}
    cpu: [x64]
    os: [openbsd]
    requiresBuild: true
    dev: false
    optional: true

  /esbuild-sunos-64/0.14.37:
    resolution: {integrity: sha512-YvQsr++g0ZBHJUjPeR1Ui81eFcZTH5qJp8s5GP8jur0BwBM+2wCTNutXSh/ZKYp+4ejOo54PFTy3tGo36q7D6g==}
    engines: {node: '>=12'}
    cpu: [x64]
    os: [sunos]
    requiresBuild: true
    dev: false
    optional: true

  /esbuild-windows-32/0.14.37:
    resolution: {integrity: sha512-aQlHyME09dWo2FVAniTXLurr/xYZre5bJrnW8yALPUu09ExCC7LzlFQFoJuuSyCdMDHcxYLc6HcrJLwRdR3b/Q==}
    engines: {node: '>=12'}
    cpu: [ia32]
    os: [win32]
    requiresBuild: true
    dev: false
    optional: true

  /esbuild-windows-64/0.14.37:
    resolution: {integrity: sha512-4mJjpS71AV4rj5PXrOn19uQwiASiyziJwyZT+qQ3M/hc/fIWS2Pgv5gbgytC1O8jptMB6NIpgrauCw56lKgckA==}
    engines: {node: '>=12'}
    cpu: [x64]
    os: [win32]
    requiresBuild: true
    dev: false
    optional: true

  /esbuild-windows-arm64/0.14.37:
    resolution: {integrity: sha512-wQy+sAKD7/d6vDrgH+i+ZdbRLVHGG5BjBpBRStvGgLiuIo46/QEQCaHbBy2LOtXu/o1JYchxilzeQ+ExZdYkeA==}
    engines: {node: '>=12'}
    cpu: [arm64]
    os: [win32]
    requiresBuild: true
    dev: false
    optional: true

  /esbuild/0.14.37:
    resolution: {integrity: sha512-sPlTpEkjzgFjWjYdve5xM1A3fpKXWNc+0yh0u9tqdER992OEpvde1c/+5rbRFsaSEEjQM9qXRcYn3EvNwgLF9w==}
    engines: {node: '>=12'}
    hasBin: true
    requiresBuild: true
    optionalDependencies:
      esbuild-android-64: 0.14.37
      esbuild-android-arm64: 0.14.37
      esbuild-darwin-64: 0.14.37
      esbuild-darwin-arm64: 0.14.37
      esbuild-freebsd-64: 0.14.37
      esbuild-freebsd-arm64: 0.14.37
      esbuild-linux-32: 0.14.37
      esbuild-linux-64: 0.14.37
      esbuild-linux-arm: 0.14.37
      esbuild-linux-arm64: 0.14.37
      esbuild-linux-mips64le: 0.14.37
      esbuild-linux-ppc64le: 0.14.37
      esbuild-linux-riscv64: 0.14.37
      esbuild-linux-s390x: 0.14.37
      esbuild-netbsd-64: 0.14.37
      esbuild-openbsd-64: 0.14.37
      esbuild-sunos-64: 0.14.37
      esbuild-windows-32: 0.14.37
      esbuild-windows-64: 0.14.37
      esbuild-windows-arm64: 0.14.37
    dev: false

  /fs/0.0.1-security:
    resolution: {integrity: sha1-invTcYa23d84E/I4WLV+yq9eQdQ=}
    dev: false

  /jquery/3.6.0:
    resolution: {integrity: sha512-JVzAR/AjBvVt2BmYhxRCSYysDsPcssdmTFnzyLEts9qNwmjmu4JTAMYubEfwVOSwpQ1I1sKKFcxhZCI2buerfw==}
    dev: false
