# THIS IS AN AUTOGENERATED FILE. DO NOT EDIT THIS FILE DIRECTLY.
# yarn lockfile v1


"101@^1.0.0", "101@^1.2.0":
  version "1.6.3"
  resolved "https://registry.yarnpkg.com/101/-/101-1.6.3.tgz#9071196e60c47e4ce327075cf49c0ad79bd822fd"
  integrity sha512-4dmQ45yY0Dx24Qxp+zAsNLlMF6tteCyfVzgbulvSyC7tCyd3V8sW76sS0tHq8NpcbXfWTKasfyfzU1Kd86oKzw==
  dependencies:
    clone "^1.0.2"
    deep-eql "^0.1.3"
    keypather "^1.10.2"

"@babel/runtime@^7.11.2":
  version "7.14.0"
  resolved "https://registry.yarnpkg.com/@babel/runtime/-/runtime-7.14.0.tgz#46794bc20b612c5f75e62dd071e24dfd95f1cbe6"
  integrity sha512-JELkvo/DlpNdJ7dlyw/eY7E0suy5i5GQH+Vlxaq1nsNJ+H7f4Vtv3jMeCEgRhZZQFXTjldYfQgv2qmM6M1v5wA==
  dependencies:
    regenerator-runtime "^0.13.4"

assert-args@^1.2.1:
  version "1.2.1"
  resolved "https://registry.yarnpkg.com/assert-args/-/assert-args-1.2.1.tgz#404103a1452a32fe77898811e54e590a8a9373bd"
  integrity sha1-QEEDoUUqMv53iYgR5U5ZCoqTc70=
  dependencies:
    "101" "^1.2.0"
    compound-subject "0.0.1"
    debug "^2.2.0"
    get-prototype-of "0.0.0"
    is-capitalized "^1.0.0"
    is-class "0.0.4"

browser-or-node@^1.3.0:
  version "1.3.0"
  resolved "https://registry.yarnpkg.com/browser-or-node/-/browser-or-node-1.3.0.tgz#f2a4e8568f60263050a6714b2cc236bb976647a7"
  integrity sha512-0F2z/VSnLbmEeBcUrSuDH5l0HxTXdQQzLjkmBR4cYfvg1zJrKSlmIZFqyFR8oX0NrwPhy3c3HQ6i3OxMbew4Tg==

bufferutil@^4.0.1:
  version "4.0.3"
  resolved "https://registry.yarnpkg.com/bufferutil/-/bufferutil-4.0.3.tgz#66724b756bed23cd7c28c4d306d7994f9943cc6b"
  integrity sha512-yEYTwGndELGvfXsImMBLop58eaGW+YdONi1fNjTINSY98tmMmFijBG6WXgdkfuLNt4imzQNtIE+eBp1PVpMCSw==
  dependencies:
    node-gyp-build "^4.2.0"

circular-json@^0.5.9:
  version "0.5.9"
  resolved "https://registry.yarnpkg.com/circular-json/-/circular-json-0.5.9.tgz#932763ae88f4f7dead7a0d09c8a51a4743a53b1d"
  integrity sha512-4ivwqHpIFJZBuhN3g/pEcdbnGUywkBblloGbkglyloVjjR3uT6tieI89MVOfbP2tHX5sgb01FuLgAOzebNlJNQ==

clone@^1.0.2:
  version "1.0.4"
  resolved "https://registry.yarnpkg.com/clone/-/clone-1.0.4.tgz#da309cc263df15994c688ca902179ca3c7cd7c7e"
  integrity sha1-2jCcwmPfFZlMaIypAheco8fNfH4=

compound-subject@0.0.1:
  version "0.0.1"
  resolved "https://registry.yarnpkg.com/compound-subject/-/compound-subject-0.0.1.tgz#271554698a15ae608b1dfcafd30b7ba1ea892c4b"
  integrity sha1-JxVUaYoVrmCLHfyv0wt7oeqJLEs=

debug@^2.2.0:
  version "2.6.9"
  resolved "https://registry.yarnpkg.com/debug/-/debug-2.6.9.tgz#5d128515df134ff327e90a4c93f4e077a536341f"
  integrity sha512-bC7ElrdJaJnPbAP+1EotYvqZsb3ecl5wi6Bfi6BJTUcNowp6cvspg0jXznRTKDjm/E7AdgFBVeAPVMNcKGsHMA==
  dependencies:
    ms "2.0.0"

deep-eql@^0.1.3:
  version "0.1.3"
  resolved "https://registry.yarnpkg.com/deep-eql/-/deep-eql-0.1.3.tgz#ef558acab8de25206cd713906d74e56930eb69f2"
  integrity sha1-71WKyrjeJSBs1xOQbXTlaTDrafI=
  dependencies:
    type-detect "0.1.1"

eventemitter3@^4.0.7:
  version "4.0.7"
  resolved "https://registry.yarnpkg.com/eventemitter3/-/eventemitter3-4.0.7.tgz#2de9b68f6528d5644ef5c59526a1b4a07306169f"
  integrity sha512-8guHBZCwKnFhYdHr2ysuRWErTwhoN2X8XELRlrRwpmfeY2jjuUN4taQMsULKUVo1K4DvZl+0pgfyoysHxvmvEw==

get-prototype-of@0.0.0:
  version "0.0.0"
  resolved "https://registry.yarnpkg.com/get-prototype-of/-/get-prototype-of-0.0.0.tgz#98772bd10716d16deb4b322516c469efca28ac44"
  integrity sha1-mHcr0QcW0W3rSzIlFsRp78oorEQ=

is-capitalized@^1.0.0:
  version "1.0.0"
  resolved "https://registry.yarnpkg.com/is-capitalized/-/is-capitalized-1.0.0.tgz#4c8464b4d91d3e4eeb44889dd2cd8f1b0ac4c136"
  integrity sha1-TIRktNkdPk7rRIid0s2PGwrEwTY=

is-class@0.0.4:
  version "0.0.4"
  resolved "https://registry.yarnpkg.com/is-class/-/is-class-0.0.4.tgz#e057451705bb34e39e3e33598c93a9837296b736"
  integrity sha1-4FdFFwW7NOOePjNZjJOpg3KWtzY=

jquery@^3.6.0:
  version "3.6.0"
  resolved "https://registry.yarnpkg.com/jquery/-/jquery-3.6.0.tgz#c72a09f15c1bdce142f49dbf1170bdf8adac2470"
  integrity sha512-JVzAR/AjBvVt2BmYhxRCSYysDsPcssdmTFnzyLEts9qNwmjmu4JTAMYubEfwVOSwpQ1I1sKKFcxhZCI2buerfw==

"js-src@file:app/js-src":
  version "0.0.0"

keypather@^1.10.2:
  version "1.10.2"
  resolved "https://registry.yarnpkg.com/keypather/-/keypather-1.10.2.tgz#e0449632d4b3e516f21cc014ce7c5644fddce614"
  integrity sha1-4ESWMtSz5RbyHMAUznxWRP3c5hQ=
  dependencies:
    "101" "^1.0.0"

ms@2.0.0:
  version "2.0.0"
  resolved "https://registry.yarnpkg.com/ms/-/ms-2.0.0.tgz#5608aeadfc00be6c2901df5f9861788de0d597c8"
  integrity sha1-VgiurfwAvmwpAd9fmGF4jeDVl8g=

node-gyp-build@^4.2.0:
  version "4.2.3"
  resolved "https://registry.yarnpkg.com/node-gyp-build/-/node-gyp-build-4.2.3.tgz#ce6277f853835f718829efb47db20f3e4d9c4739"
  integrity sha512-MN6ZpzmfNCRM+3t57PTJHgHyw/h4OWnZ6mR8P5j/uZtqQr46RRuDE/P+g3n0YR/AiYXeWixZZzaip77gdICfRg==

regenerator-runtime@^0.13.4:
  version "0.13.7"
  resolved "https://registry.yarnpkg.com/regenerator-runtime/-/regenerator-runtime-0.13.7.tgz#cac2dacc8a1ea675feaabaeb8ae833898ae46f55"
  integrity sha512-a54FxoJDIr27pgf7IgeQGxmqUNYrcV338lf/6gH456HZ/PhX+5BcwHXG9ajESmwe6WRO0tAzRUrRmNONWgkrew==

rpc-websockets@^7.4.12:
  version "7.4.12"
  resolved "https://registry.yarnpkg.com/rpc-websockets/-/rpc-websockets-7.4.12.tgz#6a187a772cbe9ee48ed04e001b6d9c29b8e69bae"
  integrity sha512-WxZRM4443SiYbJhsLwVJc6P/VAQJIkeDS89CQAuHqyMt/GX8GEplWZezcLw6MMGemzA6Kp32kz7CbQppMTLQxA==
  dependencies:
    "@babel/runtime" "^7.11.2"
    assert-args "^1.2.1"
    circular-json "^0.5.9"
    eventemitter3 "^4.0.7"
    uuid "^8.3.0"
    ws "^7.4.5"
  optionalDependencies:
    bufferutil "^4.0.1"
    utf-8-validate "^5.0.2"

type-detect@0.1.1:
  version "0.1.1"
  resolved "https://registry.yarnpkg.com/type-detect/-/type-detect-0.1.1.tgz#0ba5ec2a885640e470ea4e8505971900dac58822"
  integrity sha1-C6XsKohWQORw6k6FBZcZANrFiCI=

utf-8-validate@^5.0.2:
  version "5.0.5"
  resolved "https://registry.yarnpkg.com/utf-8-validate/-/utf-8-validate-5.0.5.tgz#dd32c2e82c72002dc9f02eb67ba6761f43456ca1"
  integrity sha512-+pnxRYsS/axEpkrrEpzYfNZGXp0IjC/9RIxwM5gntY4Koi8SHmUGSfxfWqxZdRxrtaoVstuOzUp/rbs3JSPELQ==
  dependencies:
    node-gyp-build "^4.2.0"

uuid@^8.3.0:
  version "8.3.2"
  resolved "https://registry.yarnpkg.com/uuid/-/uuid-8.3.2.tgz#80d5b5ced271bb9af6c445f21a1a04c606cefbe2"
  integrity sha512-+NYs2QeMWy+GWFOEm9xnn6HCDp0l7QBD7ml8zLUmJ+93Q5NF0NocErnwkTkXVFNiX3/fpC6afS8Dhb/gz7R7eg==

ws@^7.4.5:
  version "7.4.5"
  resolved "https://registry.yarnpkg.com/ws/-/ws-7.4.5.tgz#a484dd851e9beb6fdb420027e3885e8ce48986c1"
  integrity sha512-xzyu3hFvomRfXKH8vOFMU3OguG6oOvhXMo3xsGy3xWExqaM2dxBbVxuD99O7m3ZUFMvvscsZDqxfgMaRr/Nr1g==
